
Microsoft Visual Studio Solution File, Format Version 12.00
# Visual Studio Version 17
VisualStudioVersion = 17.3.32929.385
MinimumVisualStudioVersion = 10.0.40219.1
Project("{FAE04EC0-301F-11D3-BF4B-00C04F79EFBC}") = "Opening of account", "Opening of account\Opening of account.csproj", "{56349879-36B8-4D8F-BE34-3F7EB1C6066F}"
EndProject
Global
	GlobalSection(SolutionConfigurationPlatforms) = preSolution
		Debug|Any CPU = Debug|Any CPU
		Release|Any CPU = Release|Any CPU
	EndGlobalSection
	GlobalSection(ProjectConfigurationPlatforms) = postSolution
		{56349879-36B8-4D8F-BE34-3F7EB1C6066F}.Debug|Any CPU.ActiveCfg = Debug|Any CPU
		{56349879-36B8-4D8F-BE34-3F7EB1C6066F}.Debug|Any CPU.Build.0 = Debug|Any CPU
		{56349879-36B8-4D8F-BE34-3F7EB1C6066F}.Release|Any CPU.ActiveCfg = Release|Any CPU
		{56349879-36B8-4D8F-BE34-3F7EB1C6066F}.Release|Any CPU.Build.0 = Release|Any CPU
	EndGlobalSection
	GlobalSection(SolutionProperties) = preSolution
		HideSolutionNode = FALSE
	EndGlobalSection
	GlobalSection(ExtensibilityGlobals) = postSolution
		SolutionGuid = {6917F3B2-C61C-48ED-885B-1B5B1ED217D1}
	EndGlobalSection
EndGlobal
